
Microsoft Visual Studio Solution File, Format Version 12.00
# Visual Studio Version 16
VisualStudioVersion = 16.0.29728.190
MinimumVisualStudioVersion = 10.0.40219.1
Project("{FAE04EC0-301F-11D3-BF4B-00C04F79EFBC}") = "SmartPoint", "SmartPoint.csproj", "{CB01CF46-B7C6-4917-ABEA-CB7FB3AC44A9}"
EndProject
Global
	GlobalSection(SolutionConfigurationPlatforms) = preSolution
		Debug|Any CPU = Debug|Any CPU
		Release|Any CPU = Release|Any CPU
	EndGlobalSection
	GlobalSection(ProjectConfigurationPlatforms) = postSolution
		{CB01CF46-B7C6-4917-ABEA-CB7FB3AC44A9}.Debug|Any CPU.ActiveCfg = Debug|Any CPU
		{CB01CF46-B7C6-4917-ABEA-CB7FB3AC44A9}.Debug|Any CPU.Build.0 = Debug|Any CPU
		{CB01CF46-B7C6-4917-ABEA-CB7FB3AC44A9}.Release|Any CPU.ActiveCfg = Release|Any CPU
		{CB01CF46-B7C6-4917-ABEA-CB7FB3AC44A9}.Release|Any CPU.Build.0 = Release|Any CPU
	EndGlobalSection
	GlobalSection(SolutionProperties) = preSolution
		HideSolutionNode = FALSE
	EndGlobalSection
	GlobalSection(ExtensibilityGlobals) = postSolution
		SolutionGuid = {568BDC9C-A4FB-4CA9-AA74-39260692572D}
	EndGlobalSection
EndGlobal
